
Microsoft Visual Studio Solution File, Format Version 12.00
# Visual Studio Version 17
VisualStudioVersion = 17.14.36511.14 d17.14
MinimumVisualStudioVersion = 10.0.40219.1
Project("{FAE04EC0-301F-11D3-BF4B-00C04F79EFBC}") = "HSCrm.Dashboard", "HSCrm.Dashboard\HSCrm.Dashboard.csproj", "{995BC068-BF49-47D8-9B35-0C8A4D594526}"
EndProject
Project("{FAE04EC0-301F-11D3-BF4B-00C04F79EFBC}") = "HSCrm.BussinessLogic", "HSCrm.BussinessLogic\HSCrm.BussinessLogic.csproj", "{125F80C4-F07A-4851-B388-9DFB0FECE760}"
EndProject
Project("{FAE04EC0-301F-11D3-BF4B-00C04F79EFBC}") = "HSCrm.Models", "HSCrm.Models\HSCrm.Models.csproj", "{55900064-C837-42FA-B72F-A215FF991F9C}"
EndProject
Global
	GlobalSection(SolutionConfigurationPlatforms) = preSolution
		Debug|Any CPU = Debug|Any CPU
		Release|Any CPU = Release|Any CPU
	EndGlobalSection
	GlobalSection(ProjectConfigurationPlatforms) = postSolution
		{995BC068-BF49-47D8-9B35-0C8A4D594526}.Debug|Any CPU.ActiveCfg = Debug|Any CPU
		{995BC068-BF49-47D8-9B35-0C8A4D594526}.Debug|Any CPU.Build.0 = Debug|Any CPU
		{995BC068-BF49-47D8-9B35-0C8A4D594526}.Release|Any CPU.ActiveCfg = Release|Any CPU
		{995BC068-BF49-47D8-9B35-0C8A4D594526}.Release|Any CPU.Build.0 = Release|Any CPU
		{125F80C4-F07A-4851-B388-9DFB0FECE760}.Debug|Any CPU.ActiveCfg = Debug|Any CPU
		{125F80C4-F07A-4851-B388-9DFB0FECE760}.Debug|Any CPU.Build.0 = Debug|Any CPU
		{125F80C4-F07A-4851-B388-9DFB0FECE760}.Release|Any CPU.ActiveCfg = Release|Any CPU
		{125F80C4-F07A-4851-B388-9DFB0FECE760}.Release|Any CPU.Build.0 = Release|Any CPU
		{55900064-C837-42FA-B72F-A215FF991F9C}.Debug|Any CPU.ActiveCfg = Debug|Any CPU
		{55900064-C837-42FA-B72F-A215FF991F9C}.Debug|Any CPU.Build.0 = Debug|Any CPU
		{55900064-C837-42FA-B72F-A215FF991F9C}.Release|Any CPU.ActiveCfg = Release|Any CPU
		{55900064-C837-42FA-B72F-A215FF991F9C}.Release|Any CPU.Build.0 = Release|Any CPU
	EndGlobalSection
	GlobalSection(SolutionProperties) = preSolution
		HideSolutionNode = FALSE
	EndGlobalSection
	GlobalSection(ExtensibilityGlobals) = postSolution
		SolutionGuid = {8BCD4EDD-BA16-4E01-BB45-118F1846C5C3}
	EndGlobalSection
EndGlobal
